// !$*UTF8*$!
{
	archiveVersion = 1;
	classes = {
	};
	objectVersion = 50;
	objects = {

/* Begin PBXBuildFile section */
		7FFC980626AE42C2006780E9 /* AppDelegate.m in Sources */ = {isa = PBXBuildFile; fileRef = 7FFC980526AE42C2006780E9 /* AppDelegate.m */; };
		7FFC980926AE42C2006780E9 /* SceneDelegate.m in Sources */ = {isa = PBXBuildFile; fileRef = 7FFC980826AE42C2006780E9 /* SceneDelegate.m */; };
		7FFC980C26AE42C2006780E9 /* ViewController.m in Sources */ = {isa = PBXBuildFile; fileRef = 7FFC980B26AE42C2006780E9 /* ViewController.m */; };
		7FFC980F26AE42C2006780E9 /* Main.storyboard in Resources */ = {isa = PBXBuildFile; fileRef = 7FFC980D26AE42C2006780E9 /* Main.storyboard */; };
		7FFC981126AE42C3006780E9 /* Assets.xcassets in Resources */ = {isa = PBXBuildFile; fileRef = 7FFC981026AE42C3006780E9 /* Assets.xcassets */; };
		7FFC981426AE42C3006780E9 /* LaunchScreen.storyboard in Resources */ = {isa = PBXBuildFile; fileRef = 7FFC981226AE42C3006780E9 /* LaunchScreen.storyboard */; };
		7FFC981726AE42C3006780E9 /* main.m in Sources */ = {isa = PBXBuildFile; fileRef = 7FFC981626AE42C3006780E9 /* main.m */; };
		7FFC982526AE42F4006780E9 /* YAOCAnnotationDemoTests.m in Sources */ = {isa = PBXBuildFile; fileRef = 7FFC982426AE42F4006780E9 /* YAOCAnnotationDemoTests.m */; };
		7FFC983026AE43A4006780E9 /* YAAnnotationManager.m in Sources */ = {isa = PBXBuildFile; fileRef = 7FFC982F26AE43A4006780E9 /* YAAnnotationManager.m */; };
/* End PBXBuildFile section */

/* Begin PBXContainerItemProxy section */
		7FFC982726AE42F4006780E9 /* PBXContainerItemProxy */ = {
			isa = PBXContainerItemProxy;
			containerPortal = 7FFC97F926AE42C2006780E9 /* Project object */;
			proxyType = 1;
			remoteGlobalIDString = 7FFC980026AE42C2006780E9;
			remoteInfo = YAOCAnnotationDemo;
		};
/* End PBXContainerItemProxy section */

/* Begin PBXFileReference section */
		7FFC980126AE42C2006780E9 /* YAOCAnnotationDemo.app */ = {isa = PBXFileReference; explicitFileType = wrapper.application; includeInIndex = 0; path = YAOCAnnotationDemo.app; sourceTree = BUILT_PRODUCTS_DIR; };
		7FFC980426AE42C2006780E9 /* AppDelegate.h */ = {isa = PBXFileReference; lastKnownFileType = sourcecode.c.h; path = AppDelegate.h; sourceTree = "<group>"; };
		7FFC980526AE42C2006780E9 /* AppDelegate.m */ = {isa = PBXFileReference; lastKnownFileType = sourcecode.c.objc; path = AppDelegate.m; sourceTree = "<group>"; };
		7FFC980726AE42C2006780E9 /* SceneDelegate.h */ = {isa = PBXFileReference; lastKnownFileType = sourcecode.c.h; path = SceneDelegate.h; sourceTree = "<group>"; };
		7FFC980826AE42C2006780E9 /* SceneDelegate.m */ = {isa = PBXFileReference; lastKnownFileType = sourcecode.c.objc; path = SceneDelegate.m; sourceTree = "<group>"; };
		7FFC980A26AE42C2006780E9 /* ViewController.h */ = {isa = PBXFileReference; lastKnownFileType = sourcecode.c.h; path = ViewController.h; sourceTree = "<group>"; };
		7FFC980B26AE42C2006780E9 /* ViewController.m */ = {isa = PBXFileReference; lastKnownFileType = sourcecode.c.objc; path = ViewController.m; sourceTree = "<group>"; };
		7FFC980E26AE42C2006780E9 /* Base */ = {isa = PBXFileReference; lastKnownFileType = file.storyboard; name = Base; path = Base.lproj/Main.storyboard; sourceTree = "<group>"; };
		7FFC981026AE42C3006780E9 /* Assets.xcassets */ = {isa = PBXFileReference; lastKnownFileType = folder.assetcatalog; path = Assets.xcassets; sourceTree = "<group>"; };
		7FFC981326AE42C3006780E9 /* Base */ = {isa = PBXFileReference; lastKnownFileType = file.storyboard; name = Base; path = Base.lproj/LaunchScreen.storyboard; sourceTree = "<group>"; };
		7FFC981526AE42C3006780E9 /* Info.plist */ = {isa = PBXFileReference; lastKnownFileType = text.plist.xml; path = Info.plist; sourceTree = "<group>"; };
		7FFC981626AE42C3006780E9 /* main.m */ = {isa = PBXFileReference; lastKnownFileType = sourcecode.c.objc; path = main.m; sourceTree = "<group>"; };
		7FFC982226AE42F4006780E9 /* YAOCAnnotationDemoTests.xctest */ = {isa = PBXFileReference; explicitFileType = wrapper.cfbundle; includeInIndex = 0; path = YAOCAnnotationDemoTests.xctest; sourceTree = BUILT_PRODUCTS_DIR; };
		7FFC982426AE42F4006780E9 /* YAOCAnnotationDemoTests.m */ = {isa = PBXFileReference; lastKnownFileType = sourcecode.c.objc; path = YAOCAnnotationDemoTests.m; sourceTree = "<group>"; };
		7FFC982626AE42F4006780E9 /* Info.plist */ = {isa = PBXFileReference; lastKnownFileType = text.plist.xml; path = Info.plist; sourceTree = "<group>"; };
		7FFC982E26AE43A4006780E9 /* YAAnnotationManager.h */ = {isa = PBXFileReference; lastKnownFileType = sourcecode.c.h; path = YAAnnotationManager.h; sourceTree = "<group>"; };
		7FFC982F26AE43A4006780E9 /* YAAnnotationManager.m */ = {isa = PBXFileReference; lastKnownFileType = sourcecode.c.objc; path = YAAnnotationManager.m; sourceTree = "<group>"; };
/* End PBXFileReference section */

/* Begin PBXFrameworksBuildPhase section */
		7FFC97FE26AE42C2006780E9 /* Frameworks */ = {
			isa = PBXFrameworksBuildPhase;
			buildActionMask = 2147483647;
			files = (
			);
			runOnlyForDeploymentPostprocessing = 0;
		};
		7FFC981F26AE42F4006780E9 /* Frameworks */ = {
			isa = PBXFrameworksBuildPhase;
			buildActionMask = 2147483647;
			files = (
			);
			runOnlyForDeploymentPostprocessing = 0;
		};
/* End PBXFrameworksBuildPhase section */

/* Begin PBXGroup section */
		7FFC97F826AE42C2006780E9 = {
			isa = PBXGroup;
			children = (
				7FFC980326AE42C2006780E9 /* YAOCAnnotationDemo */,
				7FFC982326AE42F4006780E9 /* YAOCAnnotationDemoTests */,
				7FFC980226AE42C2006780E9 /* Products */,
			);
			sourceTree = "<group>";
		};
		7FFC980226AE42C2006780E9 /* Products */ = {
			isa = PBXGroup;
			children = (
				7FFC980126AE42C2006780E9 /* YAOCAnnotationDemo.app */,
				7FFC982226AE42F4006780E9 /* YAOCAnnotationDemoTests.xctest */,
			);
			name = Products;
			sourceTree = "<group>";
		};
		7FFC980326AE42C2006780E9 /* YAOCAnnotationDemo */ = {
			isa = PBXGroup;
			children = (
				7FFC980426AE42C2006780E9 /* AppDelegate.h */,
				7FFC980526AE42C2006780E9 /* AppDelegate.m */,
				7FFC980726AE42C2006780E9 /* SceneDelegate.h */,
				7FFC980826AE42C2006780E9 /* SceneDelegate.m */,
				7FFC980A26AE42C2006780E9 /* ViewController.h */,
				7FFC980B26AE42C2006780E9 /* ViewController.m */,
				7FFC980D26AE42C2006780E9 /* Main.storyboard */,
				7FFC981026AE42C3006780E9 /* Assets.xcassets */,
				7FFC981226AE42C3006780E9 /* LaunchScreen.storyboard */,
				7FFC981526AE42C3006780E9 /* Info.plist */,
				7FFC981626AE42C3006780E9 /* main.m */,
			);
			path = YAOCAnnotationDemo;
			sourceTree = "<group>";
		};
		7FFC982326AE42F4006780E9 /* YAOCAnnotationDemoTests */ = {
			isa = PBXGroup;
			children = (
				7FFC982426AE42F4006780E9 /* YAOCAnnotationDemoTests.m */,
				7FFC982E26AE43A4006780E9 /* YAAnnotationManager.h */,
				7FFC982F26AE43A4006780E9 /* YAAnnotationManager.m */,
				7FFC982626AE42F4006780E9 /* Info.plist */,
			);
			path = YAOCAnnotationDemoTests;
			sourceTree = "<group>";
		};
/* End PBXGroup section */

/* Begin PBXNativeTarget section */
		7FFC980026AE42C2006780E9 /* YAOCAnnotationDemo */ = {
			isa = PBXNativeTarget;
			buildConfigurationList = 7FFC981A26AE42C3006780E9 /* Build configuration list for PBXNativeTarget "YAOCAnnotationDemo" */;
			buildPhases = (
				7FFC97FD26AE42C2006780E9 /* Sources */,
				7FFC97FE26AE42C2006780E9 /* Frameworks */,
				7FFC97FF26AE42C2006780E9 /* Resources */,
			);
			buildRules = (
			);
			dependencies = (
			);
			name = YAOCAnnotationDemo;
			productName = YAOCAnnotationDemo;
			productReference = 7FFC980126AE42C2006780E9 /* YAOCAnnotationDemo.app */;
			productType = "com.apple.product-type.application";
		};
		7FFC982126AE42F4006780E9 /* YAOCAnnotationDemoTests */ = {
			isa = PBXNativeTarget;
			buildConfigurationList = 7FFC982926AE42F4006780E9 /* Build configuration list for PBXNativeTarget "YAOCAnnotationDemoTests" */;
			buildPhases = (
				7FFC981E26AE42F4006780E9 /* Sources */,
				7FFC981F26AE42F4006780E9 /* Frameworks */,
				7FFC982026AE42F4006780E9 /* Resources */,
			);
			buildRules = (
			);
			dependencies = (
				7FFC982826AE42F4006780E9 /* PBXTargetDependency */,
			);
			name = YAOCAnnotationDemoTests;
			productName = YAOCAnnotationDemoTests;
			productReference = 7FFC982226AE42F4006780E9 /* YAOCAnnotationDemoTests.xctest */;
			productType = "com.apple.product-type.bundle.unit-test";
		};
/* End PBXNativeTarget section */

/* Begin PBXProject section */
		7FFC97F926AE42C2006780E9 /* Project object */ = {
			isa = PBXProject;
			attributes = {
				LastUpgradeCheck = 1240;
				TargetAttributes = {
					7FFC980026AE42C2006780E9 = {
						CreatedOnToolsVersion = 12.4;
					};
					7FFC982126AE42F4006780E9 = {
						CreatedOnToolsVersion = 12.4;
						TestTargetID = 7FFC980026AE42C2006780E9;
					};
				};
			};
			buildConfigurationList = 7FFC97FC26AE42C2006780E9 /* Build configuration list for PBXProject "YAOCAnnotationDemo" */;
			compatibilityVersion = "Xcode 9.3";
			developmentRegion = en;
			hasScannedForEncodings = 0;
			knownRegions = (
				en,
				Base,
			);
			mainGroup = 7FFC97F826AE42C2006780E9;
			productRefGroup = 7FFC980226AE42C2006780E9 /* Products */;
			projectDirPath = "";
			projectRoot = "";
			targets = (
				7FFC980026AE42C2006780E9 /* YAOCAnnotationDemo */,
				7FFC982126AE42F4006780E9 /* YAOCAnnotationDemoTests */,
			);
		};
/* End PBXProject section */

/* Begin PBXResourcesBuildPhase section */
		7FFC97FF26AE42C2006780E9 /* Resources */ = {
			isa = PBXResourcesBuildPhase;
			buildActionMask = 2147483647;
			files = (
				7FFC981426AE42C3006780E9 /* LaunchScreen.storyboard in Resources */,
				7FFC981126AE42C3006780E9 /* Assets.xcassets in Resources */,
				7FFC980F26AE42C2006780E9 /* Main.storyboard in Resources */,
			);
			runOnlyForDeploymentPostprocessing = 0;
		};
		7FFC982026AE42F4006780E9 /* Resources */ = {
			isa = PBXResourcesBuildPhase;
			buildActionMask = 2147483647;
			files = (
			);
			runOnlyForDeploymentPostprocessing = 0;
		};
/* End PBXResourcesBuildPhase section */

/* Begin PBXSourcesBuildPhase section */
		7FFC97FD26AE42C2006780E9 /* Sources */ = {
			isa = PBXSourcesBuildPhase;
			buildActionMask = 2147483647;
			files = (
				7FFC980C26AE42C2006780E9 /* ViewController.m in Sources */,
				7FFC980626AE42C2006780E9 /* AppDelegate.m in Sources */,
				7FFC981726AE42C3006780E9 /* main.m in Sources */,
				7FFC980926AE42C2006780E9 /* SceneDelegate.m in Sources */,
			);
			runOnlyForDeploymentPostprocessing = 0;
		};
		7FFC981E26AE42F4006780E9 /* Sources */ = {
			isa = PBXSourcesBuildPhase;
			buildActionMask = 2147483647;
			files = (
				7FFC983026AE43A4006780E9 /* YAAnnotationManager.m in Sources */,
				7FFC982526AE42F4006780E9 /* YAOCAnnotationDemoTests.m in Sources */,
			);
			runOnlyForDeploymentPostprocessing = 0;
		};
/* End PBXSourcesBuildPhase section */

/* Begin PBXTargetDependency section */
		7FFC982826AE42F4006780E9 /* PBXTargetDependency */ = {
			isa = PBXTargetDependency;
			target = 7FFC980026AE42C2006780E9 /* YAOCAnnotationDemo */;
			targetProxy = 7FFC982726AE42F4006780E9 /* PBXContainerItemProxy */;
		};
/* End PBXTargetDependency section */

/* Begin PBXVariantGroup section */
		7FFC980D26AE42C2006780E9 /* Main.storyboard */ = {
			isa = PBXVariantGroup;
			children = (
				7FFC980E26AE42C2006780E9 /* Base */,
			);
			name = Main.storyboard;
			sourceTree = "<group>";
		};
		7FFC981226AE42C3006780E9 /* LaunchScreen.storyboard */ = {
			isa = PBXVariantGroup;
			children = (
				7FFC981326AE42C3006780E9 /* Base */,
			);
			name = LaunchScreen.storyboard;
			sourceTree = "<group>";
		};
/* End PBXVariantGroup section */

/* Begin XCBuildConfiguration section */
		7FFC981826AE42C3006780E9 /* Debug */ = {
			isa = XCBuildConfiguration;
			buildSettings = {
				ALWAYS_SEARCH_USER_PATHS = NO;
				CLANG_ANALYZER_NONNULL = YES;
				CLANG_ANALYZER_NUMBER_OBJECT_CONVERSION = YES_AGGRESSIVE;
				CLANG_CXX_LANGUAGE_STANDARD = "gnu++14";
				CLANG_CXX_LIBRARY = "libc++";
				CLANG_ENABLE_MODULES = YES;
				CLANG_ENABLE_OBJC_ARC = YES;
				CLANG_ENABLE_OBJC_WEAK = YES;
				CLANG_WARN_BLOCK_CAPTURE_AUTORELEASING = YES;
				CLANG_WARN_BOOL_CONVERSION = YES;
				CLANG_WARN_COMMA = YES;
				CLANG_WARN_CONSTANT_CONVERSION = YES;
				CLANG_WARN_DEPRECATED_OBJC_IMPLEMENTATIONS = YES;
				CLANG_WARN_DIRECT_OBJC_ISA_USAGE = YES_ERROR;
				CLANG_WARN_DOCUMENTATION_COMMENTS = YES;
				CLANG_WARN_EMPTY_BODY = YES;
				CLANG_WARN_ENUM_CONVERSION = YES;
				CLANG_WARN_INFINITE_RECURSION = YES;
				CLANG_WARN_INT_CONVERSION = YES;
				CLANG_WARN_NON_LITERAL_NULL_CONVERSION = YES;
				CLANG_WARN_OBJC_IMPLICIT_RETAIN_SELF = YES;
				CLANG_WARN_OBJC_LITERAL_CONVERSION = YES;
				CLANG_WARN_OBJC_ROOT_CLASS = YES_ERROR;
				CLANG_WARN_QUOTED_INCLUDE_IN_FRAMEWORK_HEADER = YES;
				CLANG_WARN_RANGE_LOOP_ANALYSIS = YES;
				CLANG_WARN_STRICT_PROTOTYPES = YES;
				CLANG_WARN_SUSPICIOUS_MOVE = YES;
				CLANG_WARN_UNGUARDED_AVAILABILITY = YES_AGGRESSIVE;
				CLANG_WARN_UNREACHABLE_CODE = YES;
				CLANG_WARN__DUPLICATE_METHOD_MATCH = YES;
				COPY_PHASE_STRIP = NO;
				DEBUG_INFORMATION_FORMAT = dwarf;
				ENABLE_STRICT_OBJC_MSGSEND = YES;
				ENABLE_TESTABILITY = YES;
				GCC_C_LANGUAGE_STANDARD = gnu11;
				GCC_DYNAMIC_NO_PIC = NO;
				GCC_NO_COMMON_BLOCKS = YES;
				GCC_OPTIMIZATION_LEVEL = 0;
				GCC_PREPROCESSOR_DEFINITIONS = (
					"DEBUG=1",
					"$(inherited)",
				);
				GCC_WARN_64_TO_32_BIT_CONVERSION = YES;
				GCC_WARN_ABOUT_RETURN_TYPE = YES_ERROR;
				GCC_WARN_UNDECLARED_SELECTOR = YES;
				GCC_WARN_UNINITIALIZED_AUTOS = YES_AGGRESSIVE;
				GCC_WARN_UNUSED_FUNCTION = YES;
				GCC_WARN_UNUSED_VARIABLE = YES;
				IPHONEOS_DEPLOYMENT_TARGET = 14.4;
				MTL_ENABLE_DEBUG_INFO = INCLUDE_SOURCE;
				MTL_FAST_MATH = YES;
				ONLY_ACTIVE_ARCH = YES;
				SDKROOT = iphoneos;
			};
			name = Debug;
		};
		7FFC981926AE42C3006780E9 /* Release */ = {
			isa = XCBuildConfiguration;
			buildSettings = {
				ALWAYS_SEARCH_USER_PATHS = NO;
				CLANG_ANALYZER_NONNULL = YES;
				CLANG_ANALYZER_NUMBER_OBJECT_CONVERSION = YES_AGGRESSIVE;
				CLANG_CXX_LANGUAGE_STANDARD = "gnu++14";
				CLANG_CXX_LIBRARY = "libc++";
				CLANG_ENABLE_MODULES = YES;
				CLANG_ENABLE_OBJC_ARC = YES;
				CLANG_ENABLE_OBJC_WEAK = YES;
				CLANG_WARN_BLOCK_CAPTURE_AUTORELEASING = YES;
				CLANG_WARN_BOOL_CONVERSION = YES;
				CLANG_WARN_COMMA = YES;
				CLANG_WARN_CONSTANT_CONVERSION = YES;
				CLANG_WARN_DEPRECATED_OBJC_IMPLEMENTATIONS = YES;
				CLANG_WARN_DIRECT_OBJC_ISA_USAGE = YES_ERROR;
				CLANG_WARN_DOCUMENTATION_COMMENTS = YES;
				CLANG_WARN_EMPTY_BODY = YES;
				CLANG_WARN_ENUM_CONVERSION = YES;
				CLANG_WARN_INFINITE_RECURSION = YES;
				CLANG_WARN_INT_CONVERSION = YES;
				CLANG_WARN_NON_LITERAL_NULL_CONVERSION = YES;
				CLANG_WARN_OBJC_IMPLICIT_RETAIN_SELF = YES;
				CLANG_WARN_OBJC_LITERAL_CONVERSION = YES;
				CLANG_WARN_OBJC_ROOT_CLASS = YES_ERROR;
				CLANG_WARN_QUOTED_INCLUDE_IN_FRAMEWORK_HEADER = YES;
				CLANG_WARN_RANGE_LOOP_ANALYSIS = YES;
				CLANG_WARN_STRICT_PROTOTYPES = YES;
				CLANG_WARN_SUSPICIOUS_MOVE = YES;
				CLANG_WARN_UNGUARDED_AVAILABILITY = YES_AGGRESSIVE;
				CLANG_WARN_UNREACHABLE_CODE = YES;
				CLANG_WARN__DUPLICATE_METHOD_MATCH = YES;
				COPY_PHASE_STRIP = NO;
				DEBUG_INFORMATION_FORMAT = "dwarf-with-dsym";
				ENABLE_NS_ASSERTIONS = NO;
				ENABLE_STRICT_OBJC_MSGSEND = YES;
				GCC_C_LANGUAGE_STANDARD = gnu11;
				GCC_NO_COMMON_BLOCKS = YES;
				GCC_WARN_64_TO_32_BIT_CONVERSION = YES;
				GCC_WARN_ABOUT_RETURN_TYPE = YES_ERROR;
				GCC_WARN_UNDECLARED_SELECTOR = YES;
				GCC_WARN_UNINITIALIZED_AUTOS = YES_AGGRESSIVE;
				GCC_WARN_UNUSED_FUNCTION = YES;
				GCC_WARN_UNUSED_VARIABLE = YES;
				IPHONEOS_DEPLOYMENT_TARGET = 14.4;
				MTL_ENABLE_DEBUG_INFO = NO;
				MTL_FAST_MATH = YES;
				SDKROOT = iphoneos;
				VALIDATE_PRODUCT = YES;
			};
			name = Release;
		};
		7FFC981B26AE42C3006780E9 /* Debug */ = {
			isa = XCBuildConfiguration;
			buildSettings = {
				ASSETCATALOG_COMPILER_APPICON_NAME = AppIcon;
				ASSETCATALOG_COMPILER_GLOBAL_ACCENT_COLOR_NAME = AccentColor;
				CODE_SIGN_STYLE = Automatic;
				DEVELOPMENT_TEAM = 9P3Y53255R;
				INFOPLIST_FILE = YAOCAnnotationDemo/Info.plist;
				LD_RUNPATH_SEARCH_PATHS = (
					"$(inherited)",
					"@executable_path/Frameworks",
				);
				PRODUCT_BUNDLE_IDENTIFIER = com.heyalu.test.YAOCAnnotationDemo;
				PRODUCT_NAME = "$(TARGET_NAME)";
				TARGETED_DEVICE_FAMILY = "1,2";
			};
			name = Debug;
		};
		7FFC981C26AE42C3006780E9 /* Release */ = {
			isa = XCBuildConfiguration;
			buildSettings = {
				ASSETCATALOG_COMPILER_APPICON_NAME = AppIcon;
				ASSETCATALOG_COMPILER_GLOBAL_ACCENT_COLOR_NAME = AccentColor;
				CODE_SIGN_STYLE = Automatic;
				DEVELOPMENT_TEAM = 9P3Y53255R;
				INFOPLIST_FILE = YAOCAnnotationDemo/Info.plist;
				LD_RUNPATH_SEARCH_PATHS = (
					"$(inherited)",
					"@executable_path/Frameworks",
				);
				PRODUCT_BUNDLE_IDENTIFIER = com.heyalu.test.YAOCAnnotationDemo;
				PRODUCT_NAME = "$(TARGET_NAME)";
				TARGETED_DEVICE_FAMILY = "1,2";
			};
			name = Release;
		};
		7FFC982A26AE42F4006780E9 /* Debug */ = {
			isa = XCBuildConfiguration;
			buildSettings = {
				BUNDLE_LOADER = "$(TEST_HOST)";
				CODE_SIGN_STYLE = Automatic;
				DEVELOPMENT_TEAM = 9P3Y53255R;
				INFOPLIST_FILE = YAOCAnnotationDemoTests/Info.plist;
				LD_RUNPATH_SEARCH_PATHS = (
					"$(inherited)",
					"@executable_path/Frameworks",
					"@loader_path/Frameworks",
				);
				PRODUCT_BUNDLE_IDENTIFIER = com.heyalu.test.YAOCAnnotationDemoTests;
				PRODUCT_NAME = "$(TARGET_NAME)";
				TARGETED_DEVICE_FAMILY = "1,2";
				TEST_HOST = "$(BUILT_PRODUCTS_DIR)/YAOCAnnotationDemo.app/YAOCAnnotationDemo";
			};
			name = Debug;
		};
		7FFC982B26AE42F4006780E9 /* Release */ = {
			isa = XCBuildConfiguration;
			buildSettings = {
				BUNDLE_LOADER = "$(TEST_HOST)";
				CODE_SIGN_STYLE = Automatic;
				DEVELOPMENT_TEAM = 9P3Y53255R;
				INFOPLIST_FILE = YAOCAnnotationDemoTests/Info.plist;
				LD_RUNPATH_SEARCH_PATHS = (
					"$(inherited)",
					"@executable_path/Frameworks",
					"@loader_path/Frameworks",
				);
				PRODUCT_BUNDLE_IDENTIFIER = com.heyalu.test.YAOCAnnotationDemoTests;
				PRODUCT_NAME = "$(TARGET_NAME)";
				TARGETED_DEVICE_FAMILY = "1,2";
				TEST_HOST = "$(BUILT_PRODUCTS_DIR)/YAOCAnnotationDemo.app/YAOCAnnotationDemo";
			};
			name = Release;
		};
/* End XCBuildConfiguration section */

/* Begin XCConfigurationList section */
		7FFC97FC26AE42C2006780E9 /* Build configuration list for PBXProject "YAOCAnnotationDemo" */ = {
			isa = XCConfigurationList;
			buildConfigurations = (
				7FFC981826AE42C3006780E9 /* Debug */,
				7FFC981926AE42C3006780E9 /* Release */,
			);
			defaultConfigurationIsVisible = 0;
			defaultConfigurationName = Release;
		};
		7FFC981A26AE42C3006780E9 /* Build configuration list for PBXNativeTarget "YAOCAnnotationDemo" */ = {
			isa = XCConfigurationList;
			buildConfigurations = (
				7FFC981B26AE42C3006780E9 /* Debug */,
				7FFC981C26AE42C3006780E9 /* Release */,
			);
			defaultConfigurationIsVisible = 0;
			defaultConfigurationName = Release;
		};
		7FFC982926AE42F4006780E9 /* Build configuration list for PBXNativeTarget "YAOCAnnotationDemoTests" */ = {
			isa = XCConfigurationList;
			buildConfigurations = (
				7FFC982A26AE42F4006780E9 /* Debug */,
				7FFC982B26AE42F4006780E9 /* Release */,
			);
			defaultConfigurationIsVisible = 0;
			defaultConfigurationName = Release;
		};
/* End XCConfigurationList section */
	};
	rootObject = 7FFC97F926AE42C2006780E9 /* Project object */;
}
